Microsoft Visual Studio Solution File, Format Version 12.00
# Visual Studio Version 17
VisualStudioVersion = 17.5.2.0
MinimumVisualStudioVersion = 10.0.40219.1
Project("{FAE04EC0-301F-11D3-BF4B-00C04F79EFBC}") = "PlexBackup", "PlexBackup.csproj", "{6CE2F4BF-1029-0F14-FD0A-1C0B4E2541E5}"
EndProject
Global
	GlobalSection(SolutionConfigurationPlatforms) = preSolution
		Debug|Any CPU = Debug|Any CPU
		Release|Any CPU = Release|Any CPU
	EndGlobalSection
	GlobalSection(ProjectConfigurationPlatforms) = postSolution
		{6CE2F4BF-1029-0F14-FD0A-1C0B4E2541E5}.Debug|Any CPU.ActiveCfg = Debug|Any CPU
		{6CE2F4BF-1029-0F14-FD0A-1C0B4E2541E5}.Debug|Any CPU.Build.0 = Debug|Any CPU
		{6CE2F4BF-1029-0F14-FD0A-1C0B4E2541E5}.Release|Any CPU.ActiveCfg = Release|Any CPU
		{6CE2F4BF-1029-0F14-FD0A-1C0B4E2541E5}.Release|Any CPU.Build.0 = Release|Any CPU
	EndGlobalSection
	GlobalSection(SolutionProperties) = preSolution
		HideSolutionNode = FALSE
	EndGlobalSection
	GlobalSection(ExtensibilityGlobals) = postSolution
		SolutionGuid = {5171E9EB-F5D9-40B5-9D9E-5DC39BF9971E}
	EndGlobalSection
EndGlobal
